
Microsoft Visual Studio Solution File, Format Version 12.00
# Visual Studio 14
VisualStudioVersion = 14.0.24720.0
MinimumVisualStudioVersion = 10.0.40219.1
Project("{FAE04EC0-301F-11D3-BF4B-00C04F79EFBC}") = "server_csharptut", "csharptut\server_csharptut.csproj", "{9B35741B-ACE4-443F-B643-7E7B4059BE22}"
EndProject
Project("{FAE04EC0-301F-11D3-BF4B-00C04F79EFBC}") = "client_csharptut", "Server_csharptut\client_csharptut.csproj", "{D3CC6365-CD1A-41FF-A163-FAF2DDF9924F}"
EndProject
Global
	GlobalSection(SolutionConfigurationPlatforms) = preSolution
		Debug|Any CPU = Debug|Any CPU
		Release|Any CPU = Release|Any CPU
	EndGlobalSection
	GlobalSection(ProjectConfigurationPlatforms) = postSolution
		{9B35741B-ACE4-443F-B643-7E7B4059BE22}.Debug|Any CPU.ActiveCfg = Debug|Any CPU
		{9B35741B-ACE4-443F-B643-7E7B4059BE22}.Debug|Any CPU.Build.0 = Debug|Any CPU
		{9B35741B-ACE4-443F-B643-7E7B4059BE22}.Release|Any CPU.ActiveCfg = Release|Any CPU
		{9B35741B-ACE4-443F-B643-7E7B4059BE22}.Release|Any CPU.Build.0 = Release|Any CPU
		{D3CC6365-CD1A-41FF-A163-FAF2DDF9924F}.Debug|Any CPU.ActiveCfg = Debug|Any CPU
		{D3CC6365-CD1A-41FF-A163-FAF2DDF9924F}.Debug|Any CPU.Build.0 = Debug|Any CPU
		{D3CC6365-CD1A-41FF-A163-FAF2DDF9924F}.Release|Any CPU.ActiveCfg = Release|Any CPU
		{D3CC6365-CD1A-41FF-A163-FAF2DDF9924F}.Release|Any CPU.Build.0 = Release|Any CPU
	EndGlobalSection
	GlobalSection(SolutionProperties) = preSolution
		HideSolutionNode = FALSE
	EndGlobalSection
EndGlobal
